{
  "version": 4,
  "terraform_version": "1.5.7",
  "serial": 21,
  "lineage": "16d5d819-bade-05a7-0b69-c5fa6145e1c4",
  "outputs": {},
  "resources": [
    {
      "mode": "data",
      "type": "google_billing_account",
      "name": "billing_account",
      "provider": "provider[\"registry.terraform.io/hashicorp/google\"]",
      "instances": [
        {
          "schema_version": 0,
          "attributes": {
            "billing_account": null,
            "currency_code": "GBP",
            "display_name": "My Billing Account",
            "id": "013CBF-32DD91-1DA714",
            "lookup_projects": true,
            "name": "billingAccounts/013CBF-32DD91-1DA714",
            "open": true,
            "project_ids": [
              "actual-475511"
            ]
          },
          "sensitive_attributes": []
        }
      ]
    },
    {
      "mode": "data",
      "type": "google_compute_image",
      "name": "container_optimized",
      "provider": "provider[\"registry.terraform.io/hashicorp/google\"]",
      "instances": [
        {
          "schema_version": 0,
          "attributes": {
            "archive_size_bytes": 1934970816,
            "creation_timestamp": "2025-10-14T04:39:02.632-07:00",
            "description": "Google, Container-Optimized OS, 117-18613.339.97 LTS, Kernel: COS-6.6.105 Kubernetes: 1.30.3 Docker: 24.0.9 Family: cos-117-lts",
            "disk_size_gb": 10,
            "family": "cos-117-lts",
            "filter": null,
            "id": "projects/cos-cloud/global/images/cos-117-18613-339-97",
            "image_encryption_key_sha256": "",
            "image_id": "2505658729266120889",
            "label_fingerprint": "m_vcnRNJQPY=",
            "labels": {
              "build_number": "18613-339-97",
              "milestone": "117",
              "public-image": "true"
            },
            "licenses": [
              "https://www.googleapis.com/compute/v1/projects/cos-cloud/global/licenses/cos",
              "https://www.googleapis.com/compute/v1/projects/cos-cloud/global/licenses/cos-pcid",
              "https://www.googleapis.com/compute/v1/projects/cos-cloud-shielded/global/licenses/shielded-cos"
            ],
            "most_recent": false,
            "name": "cos-117-18613-339-97",
            "project": "cos-cloud",
            "self_link": "https://www.googleapis.com/compute/v1/projects/cos-cloud/global/images/cos-117-18613-339-97",
            "source_disk": "",
            "source_disk_encryption_key_sha256": "",
            "source_disk_id": "",
            "source_image_id": "",
            "status": "READY"
          },
          "sensitive_attributes": []
        }
      ]
    },
    {
      "mode": "data",
      "type": "google_project",
      "name": "project",
      "provider": "provider[\"registry.terraform.io/hashicorp/google\"]",
      "instances": [
        {
          "schema_version": 0,
          "attributes": {
            "auto_create_network": null,
            "billing_account": "013CBF-32DD91-1DA714",
            "deletion_policy": "PREVENT",
            "effective_labels": {},
            "folder_id": null,
            "id": "projects/actual-475511",
            "labels": {},
            "name": "actual",
            "number": "429998988215",
            "org_id": null,
            "project_id": "actual-475511",
            "tags": null,
            "terraform_labels": {}
          },
          "sensitive_attributes": []
        }
      ]
    },
    {
      "mode": "managed",
      "type": "google_billing_budget",
      "name": "budget",
      "provider": "provider[\"registry.terraform.io/hashicorp/google\"]",
      "instances": [
        {
          "schema_version": 1,
          "attributes": {
            "all_updates_rule": [],
            "amount": [
              {
                "last_period_amount": false,
                "specified_amount": [
                  {
                    "currency_code": "GBP",
                    "nanos": 0,
                    "units": "10"
                  }
                ]
              }
            ],
            "billing_account": "013CBF-32DD91-1DA714",
            "budget_filter": [
              {
                "calendar_period": "MONTH",
                "credit_types": [],
                "credit_types_treatment": "INCLUDE_ALL_CREDITS",
                "custom_period": [],
                "labels": {},
                "projects": [],
                "resource_ancestors": [],
                "services": [],
                "subaccounts": []
              }
            ],
            "display_name": "Monthly Budget Alert",
            "id": "billingAccounts/013CBF-32DD91-1DA714/budgets/50ddffd4-e469-40af-83ac-1be21273b518",
            "name": "50ddffd4-e469-40af-83ac-1be21273b518",
            "ownership_scope": "",
            "threshold_rules": [
              {
                "spend_basis": "CURRENT_SPEND",
                "threshold_percent": 0.5
              },
              {
                "spend_basis": "CURRENT_SPEND",
                "threshold_percent": 0.9
              },
              {
                "spend_basis": "CURRENT_SPEND",
                "threshold_percent": 1
              },
              {
                "spend_basis": "CURRENT_SPEND",
                "threshold_percent": 1.5
              }
            ],
            "timeouts": null
          },
          "sensitive_attributes": [],
          "private": "eyJlMmJmYjczMC1lY2FhLTExZTYtOGY4OC0zNDM2M2JjN2M0YzAiOnsiY3JlYXRlIjoxMjAwMDAwMDAwMDAwLCJkZWxldGUiOjEyMDAwMDAwMDAwMDAsInVwZGF0ZSI6MTIwMDAwMDAwMDAwMH0sInNjaGVtYV92ZXJzaW9uIjoiMSJ9",
          "dependencies": [
            "data.google_billing_account.billing_account"
          ]
        }
      ]
    },
    {
      "mode": "managed",
      "type": "google_compute_disk",
      "name": "container_host_boot_disk",
      "provider": "provider[\"registry.terraform.io/hashicorp/google\"]",
      "instances": [
        {
          "schema_version": 0,
          "attributes": {
            "access_mode": "",
            "architecture": null,
            "async_primary_disk": [],
            "create_snapshot_before_destroy": false,
            "create_snapshot_before_destroy_prefix": null,
            "creation_timestamp": "2025-10-18T06:30:44.225-07:00",
            "description": "",
            "disk_encryption_key": [],
            "disk_id": "8262224540220663918",
            "effective_labels": {
              "goog-terraform-provisioned": "true",
              "managed_by": "terraform"
            },
            "enable_confidential_compute": false,
            "guest_os_features": [
              {
                "type": "GVNIC"
              },
              {
                "type": "IDPF"
              },
              {
                "type": "SEV_CAPABLE"
              },
              {
                "type": "SEV_LIVE_MIGRATABLE"
              },
              {
                "type": "SEV_LIVE_MIGRATABLE_V2"
              },
              {
                "type": "SEV_SNP_CAPABLE"
              },
              {
                "type": "TDX_CAPABLE"
              },
              {
                "type": "UEFI_COMPATIBLE"
              },
              {
                "type": "VIRTIO_SCSI_MULTIQUEUE"
              }
            ],
            "id": "projects/actual-475511/zones/us-east1-b/disks/container-host-boot-disk",
            "image": "https://www.googleapis.com/compute/v1/projects/cos-cloud/global/images/cos-117-18613-339-97",
            "label_fingerprint": "LxEjqCKMKL8=",
            "labels": {
              "managed_by": "terraform"
            },
            "last_attach_timestamp": "",
            "last_detach_timestamp": "",
            "licenses": [
              "https://www.googleapis.com/compute/v1/projects/cos-cloud/global/licenses/cos",
              "https://www.googleapis.com/compute/v1/projects/cos-cloud/global/licenses/cos-pcid",
              "https://www.googleapis.com/compute/v1/projects/cos-cloud-shielded/global/licenses/shielded-cos"
            ],
            "name": "container-host-boot-disk",
            "params": [],
            "physical_block_size_bytes": 4096,
            "project": "actual-475511",
            "provisioned_iops": 0,
            "provisioned_throughput": 0,
            "self_link": "https://www.googleapis.com/compute/v1/projects/actual-475511/zones/us-east1-b/disks/container-host-boot-disk",
            "size": 10,
            "snapshot": "",
            "source_disk": "",
            "source_disk_id": "",
            "source_image_encryption_key": [],
            "source_image_id": "2505658729266120889",
            "source_instant_snapshot": "",
            "source_instant_snapshot_id": "",
            "source_snapshot_encryption_key": [],
            "source_snapshot_id": "",
            "source_storage_object": null,
            "storage_pool": "",
            "terraform_labels": {
              "goog-terraform-provisioned": "true",
              "managed_by": "terraform"
            },
            "timeouts": null,
            "type": "pd-standard",
            "users": [],
            "zone": "us-east1-b"
          },
          "sensitive_attributes": [],
          "private": "eyJlMmJmYjczMC1lY2FhLTExZTYtOGY4OC0zNDM2M2JjN2M0YzAiOnsiY3JlYXRlIjoxMjAwMDAwMDAwMDAwLCJkZWxldGUiOjEyMDAwMDAwMDAwMDAsInVwZGF0ZSI6MTIwMDAwMDAwMDAwMH19",
          "dependencies": [
            "data.google_compute_image.container_optimized"
          ]
        }
      ]
    },
    {
      "mode": "managed",
      "type": "google_compute_disk",
      "name": "container_host_data_disk",
      "provider": "provider[\"registry.terraform.io/hashicorp/google\"]",
      "instances": [
        {
          "schema_version": 0,
          "attributes": {
            "access_mode": "",
            "architecture": null,
            "async_primary_disk": [],
            "create_snapshot_before_destroy": false,
            "create_snapshot_before_destroy_prefix": null,
            "creation_timestamp": "2025-10-18T06:30:44.591-07:00",
            "description": "",
            "disk_encryption_key": [],
            "disk_id": "7440069427835316334",
            "effective_labels": {
              "goog-terraform-provisioned": "true",
              "managed_by": "terraform"
            },
            "enable_confidential_compute": false,
            "guest_os_features": [],
            "id": "projects/actual-475511/zones/us-east1-b/disks/container-host-data-disk",
            "image": "",
            "label_fingerprint": "LxEjqCKMKL8=",
            "labels": {
              "managed_by": "terraform"
            },
            "last_attach_timestamp": "",
            "last_detach_timestamp": "",
            "licenses": [],
            "name": "container-host-data-disk",
            "params": [],
            "physical_block_size_bytes": 4096,
            "project": "actual-475511",
            "provisioned_iops": 0,
            "provisioned_throughput": 0,
            "self_link": "https://www.googleapis.com/compute/v1/projects/actual-475511/zones/us-east1-b/disks/container-host-data-disk",
            "size": 20,
            "snapshot": "",
            "source_disk": "",
            "source_disk_id": "",
            "source_image_encryption_key": [],
            "source_image_id": "",
            "source_instant_snapshot": "",
            "source_instant_snapshot_id": "",
            "source_snapshot_encryption_key": [],
            "source_snapshot_id": "",
            "source_storage_object": null,
            "storage_pool": "",
            "terraform_labels": {
              "goog-terraform-provisioned": "true",
              "managed_by": "terraform"
            },
            "timeouts": null,
            "type": "pd-standard",
            "users": [],
            "zone": "us-east1-b"
          },
          "sensitive_attributes": [],
          "private": "eyJlMmJmYjczMC1lY2FhLTExZTYtOGY4OC0zNDM2M2JjN2M0YzAiOnsiY3JlYXRlIjoxMjAwMDAwMDAwMDAwLCJkZWxldGUiOjEyMDAwMDAwMDAwMDAsInVwZGF0ZSI6MTIwMDAwMDAwMDAwMH19"
        }
      ]
    },
    {
      "mode": "managed",
      "type": "google_compute_firewall",
      "name": "allow_http",
      "provider": "provider[\"registry.terraform.io/hashicorp/google\"]",
      "instances": [
        {
          "schema_version": 1,
          "attributes": {
            "allow": [
              {
                "ports": [
                  "80"
                ],
                "protocol": "tcp"
              }
            ],
            "creation_timestamp": "2025-10-18T06:26:30.506-07:00",
            "deny": [],
            "description": "Allows HTTP traffic.",
            "destination_ranges": [],
            "direction": "INGRESS",
            "disabled": false,
            "enable_logging": null,
            "id": "projects/actual-475511/global/firewalls/allow-http",
            "log_config": [],
            "name": "allow-http",
            "network": "https://www.googleapis.com/compute/v1/projects/actual-475511/global/networks/vpc-network",
            "params": [],
            "priority": 1000,
            "project": "actual-475511",
            "self_link": "https://www.googleapis.com/compute/v1/projects/actual-475511/global/firewalls/allow-http",
            "source_ranges": [
              "0.0.0.0/0"
            ],
            "source_service_accounts": [],
            "source_tags": [],
            "target_service_accounts": [],
            "target_tags": [
              "http-server"
            ],
            "timeouts": null
          },
          "sensitive_attributes": [],
          "private": "eyJlMmJmYjczMC1lY2FhLTExZTYtOGY4OC0zNDM2M2JjN2M0YzAiOnsiY3JlYXRlIjoxMjAwMDAwMDAwMDAwLCJkZWxldGUiOjEyMDAwMDAwMDAwMDAsInVwZGF0ZSI6MTIwMDAwMDAwMDAwMH0sInNjaGVtYV92ZXJzaW9uIjoiMSJ9",
          "dependencies": [
            "google_compute_network.vpc_network"
          ]
        }
      ]
    },
    {
      "mode": "managed",
      "type": "google_compute_firewall",
      "name": "allow_https",
      "provider": "provider[\"registry.terraform.io/hashicorp/google\"]",
      "instances": [
        {
          "schema_version": 1,
          "attributes": {
            "allow": [
              {
                "ports": [
                  "443"
                ],
                "protocol": "tcp"
              }
            ],
            "creation_timestamp": "2025-10-18T06:26:30.921-07:00",
            "deny": [],
            "description": "Allows HTTPS traffic.",
            "destination_ranges": [],
            "direction": "INGRESS",
            "disabled": false,
            "enable_logging": null,
            "id": "projects/actual-475511/global/firewalls/allow-https",
            "log_config": [],
            "name": "allow-https",
            "network": "https://www.googleapis.com/compute/v1/projects/actual-475511/global/networks/vpc-network",
            "params": [],
            "priority": 1000,
            "project": "actual-475511",
            "self_link": "https://www.googleapis.com/compute/v1/projects/actual-475511/global/firewalls/allow-https",
            "source_ranges": [
              "0.0.0.0/0"
            ],
            "source_service_accounts": [],
            "source_tags": [],
            "target_service_accounts": [],
            "target_tags": [
              "https-server"
            ],
            "timeouts": null
          },
          "sensitive_attributes": [],
          "private": "eyJlMmJmYjczMC1lY2FhLTExZTYtOGY4OC0zNDM2M2JjN2M0YzAiOnsiY3JlYXRlIjoxMjAwMDAwMDAwMDAwLCJkZWxldGUiOjEyMDAwMDAwMDAwMDAsInVwZGF0ZSI6MTIwMDAwMDAwMDAwMH0sInNjaGVtYV92ZXJzaW9uIjoiMSJ9",
          "dependencies": [
            "google_compute_network.vpc_network"
          ]
        }
      ]
    },
    {
      "mode": "managed",
      "type": "google_compute_firewall",
      "name": "allow_ssh",
      "provider": "provider[\"registry.terraform.io/hashicorp/google\"]",
      "instances": [
        {
          "schema_version": 1,
          "attributes": {
            "allow": [
              {
                "ports": [
                  "22"
                ],
                "protocol": "tcp"
              }
            ],
            "creation_timestamp": "2025-10-18T06:26:30.466-07:00",
            "deny": [],
            "description": "Allows SSH from anywhere. Recommended to use only when absolutely necessary.",
            "destination_ranges": [],
            "direction": "INGRESS",
            "disabled": false,
            "enable_logging": null,
            "id": "projects/actual-475511/global/firewalls/allow-ssh",
            "log_config": [],
            "name": "allow-ssh",
            "network": "https://www.googleapis.com/compute/v1/projects/actual-475511/global/networks/vpc-network",
            "params": [],
            "priority": 1000,
            "project": "actual-475511",
            "self_link": "https://www.googleapis.com/compute/v1/projects/actual-475511/global/firewalls/allow-ssh",
            "source_ranges": [
              "0.0.0.0/0"
            ],
            "source_service_accounts": [],
            "source_tags": [],
            "target_service_accounts": [],
            "target_tags": [
              "allow-ssh"
            ],
            "timeouts": null
          },
          "sensitive_attributes": [],
          "private": "eyJlMmJmYjczMC1lY2FhLTExZTYtOGY4OC0zNDM2M2JjN2M0YzAiOnsiY3JlYXRlIjoxMjAwMDAwMDAwMDAwLCJkZWxldGUiOjEyMDAwMDAwMDAwMDAsInVwZGF0ZSI6MTIwMDAwMDAwMDAwMH0sInNjaGVtYV92ZXJzaW9uIjoiMSJ9",
          "dependencies": [
            "google_compute_network.vpc_network"
          ]
        }
      ]
    },
    {
      "mode": "managed",
      "type": "google_compute_firewall",
      "name": "allow_ssh_proxy",
      "provider": "provider[\"registry.terraform.io/hashicorp/google\"]",
      "instances": [
        {
          "schema_version": 1,
          "attributes": {
            "allow": [
              {
                "ports": [
                  "22"
                ],
                "protocol": "tcp"
              }
            ],
            "creation_timestamp": "2025-10-18T06:26:30.618-07:00",
            "deny": [],
            "description": "Allows SSH from Google's Identity Aware Proxy (IAP)",
            "destination_ranges": [],
            "direction": "INGRESS",
            "disabled": false,
            "enable_logging": null,
            "id": "projects/actual-475511/global/firewalls/allow-ssh-proxy",
            "log_config": [],
            "name": "allow-ssh-proxy",
            "network": "https://www.googleapis.com/compute/v1/projects/actual-475511/global/networks/vpc-network",
            "params": [],
            "priority": 1000,
            "project": "actual-475511",
            "self_link": "https://www.googleapis.com/compute/v1/projects/actual-475511/global/firewalls/allow-ssh-proxy",
            "source_ranges": [
              "35.235.240.0/20"
            ],
            "source_service_accounts": [],
            "source_tags": [],
            "target_service_accounts": [],
            "target_tags": [
              "allow-ssh-proxy"
            ],
            "timeouts": null
          },
          "sensitive_attributes": [],
          "private": "eyJlMmJmYjczMC1lY2FhLTExZTYtOGY4OC0zNDM2M2JjN2M0YzAiOnsiY3JlYXRlIjoxMjAwMDAwMDAwMDAwLCJkZWxldGUiOjEyMDAwMDAwMDAwMDAsInVwZGF0ZSI6MTIwMDAwMDAwMDAwMH0sInNjaGVtYV92ZXJzaW9uIjoiMSJ9",
          "dependencies": [
            "google_compute_network.vpc_network"
          ]
        }
      ]
    },
    {
      "mode": "managed",
      "type": "google_compute_instance",
      "name": "container_host",
      "provider": "provider[\"registry.terraform.io/hashicorp/google\"]",
      "instances": [
        {
          "schema_version": 6,
          "attributes": {
            "advanced_machine_features": [],
            "allow_stopping_for_update": true,
            "attached_disk": [
              {
                "device_name": "persistent-disk-1",
                "disk_encryption_key_raw": "",
                "disk_encryption_key_rsa": "",
                "disk_encryption_key_sha256": "",
                "disk_encryption_service_account": "",
                "force_attach": false,
                "kms_key_self_link": "",
                "mode": "READ_WRITE",
                "source": "https://www.googleapis.com/compute/v1/projects/actual-475511/zones/us-east1-b/disks/container-host-data-disk"
              }
            ],
            "boot_disk": [
              {
                "auto_delete": true,
                "device_name": "persistent-disk-0",
                "disk_encryption_key_raw": "",
                "disk_encryption_key_rsa": "",
                "disk_encryption_key_sha256": "",
                "disk_encryption_service_account": "",
                "force_attach": false,
                "guest_os_features": [
                  "SEV_SNP_CAPABLE",
                  "SEV_CAPABLE",
                  "UEFI_COMPATIBLE",
                  "TDX_CAPABLE",
                  "IDPF",
                  "SEV_LIVE_MIGRATABLE_V2",
                  "SEV_LIVE_MIGRATABLE",
                  "VIRTIO_SCSI_MULTIQUEUE",
                  "GVNIC"
                ],
                "initialize_params": [
                  {
                    "architecture": "X86_64",
                    "enable_confidential_compute": false,
                    "image": "https://www.googleapis.com/compute/v1/projects/cos-cloud/global/images/cos-117-18613-339-97",
                    "labels": {
                      "goog-terraform-provisioned": "true",
                      "managed_by": "terraform"
                    },
                    "provisioned_iops": 0,
                    "provisioned_throughput": 0,
                    "resource_manager_tags": {},
                    "resource_policies": [],
                    "size": 10,
                    "snapshot": "",
                    "source_image_encryption_key": [],
                    "source_snapshot_encryption_key": [],
                    "storage_pool": "",
                    "type": "pd-standard"
                  }
                ],
                "interface": "",
                "kms_key_self_link": "",
                "mode": "READ_WRITE",
                "source": "https://www.googleapis.com/compute/v1/projects/actual-475511/zones/us-east1-b/disks/container-host-boot-disk"
              }
            ],
            "can_ip_forward": false,
            "confidential_instance_config": [],
            "cpu_platform": "Intel Broadwell",
            "creation_timestamp": "2025-10-18T06:30:57.586-07:00",
            "current_status": "RUNNING",
            "deletion_protection": false,
            "description": "",
            "desired_status": null,
            "effective_labels": {
              "goog-terraform-provisioned": "true"
            },
            "enable_display": false,
            "guest_accelerator": [],
            "hostname": "",
            "id": "projects/actual-475511/zones/us-east1-b/instances/containerhost01",
            "instance_encryption_key": [],
            "instance_id": "6717170090537527422",
            "key_revocation_action_type": "",
            "label_fingerprint": "vezUS-42LLM=",
            "labels": null,
            "machine_type": "e2-micro",
            "metadata": {
              "ssh-keys": "max.roulstone:",
              "user-data": "#cloud-config\n\"bootcmd\":\n- \"fsck.ext4 -tvy /dev/disk/by-id/google-persistent-disk-1\"\n- \"mkdir -p /mnt/disks/data\"\n- \"mount -t ext4 -o nodev,nosuid /dev/disk/by-id/google-persistent-disk-1 /mnt/disks/data\"\n- \"mkdir -p /mnt/disks/data/caddy\"\n- \"mkdir -p /mnt/disks/data/caddy/data\"\n- \"mkdir -p /mnt/disks/data/caddy/config\"\n- \"mkdir -p /mnt/disks/data/actual-data\"\n\"runcmd\":\n- \"docker network create custom-bridge\"\n- \"systemctl daemon-reload\"\n- \"systemctl start caddy.service\"\n- \"systemctl start actual.service\"\n- \"systemctl start duckdns.service\"\n\"write_files\":\n- \"content\": |\n    [Unit]\n    Description=Start DuckDNS\n\n    [Service]\n    ExecStart=/usr/bin/docker run --rm -e SUBDOMAINS=maxroulstone -e TOKEN=483b38e2-715c-42ac-9acc-78502f04308f --name=duckdns lscr.io/linuxserver/duckdns:latest\n\n    ExecStop=/usr/bin/docker stop duckdns\n    ExecStopPost=/usr/bin/docker rm duckdns\n  \"owner\": \"root\"\n  \"path\": \"/etc/systemd/system/duckdns.service\"\n  \"permissions\": \"0644\"\n- \"content\": |\n    [Unit]\n    Description=Start Caddy\n\n    [Service]\n    ExecStart=/usr/bin/docker run --rm --network custom-bridge -p 443:443 --mount 'type=bind,source=/mnt/disks/data/caddy/Caddyfile,target=/etc/caddy/Caddyfile,readonly' --mount 'type=bind,source=/mnt/disks/data/caddy/data,target=/data' --mount 'type=bind,source=/mnt/disks/data/caddy/config,target=/config' --name=caddy caddy:alpine\n    ExecStop=/usr/bin/docker stop caddy\n    ExecStopPost=/usr/bin/docker rm caddy\n  \"owner\": \"root\"\n  \"path\": \"/etc/systemd/system/caddy.service\"\n  \"permissions\": \"0644\"\n- \"content\": |\n    [Unit]\n    Description=Start Actual\n\n    [Service]\n    ExecStart=/usr/bin/docker run --rm --network custom-bridge -p '[::1]:5006:5006' --mount 'type=bind,source=/mnt/disks/data/actual-data,target=/data' --name=actual_server actualbudget/actual-server:latest\n    ExecStop=/usr/bin/docker stop actual_server\n    ExecStopPost=/usr/bin/docker rm actual_server\n  \"owner\": \"root\"\n  \"path\": \"/etc/systemd/system/actual.service\"\n  \"permissions\": \"0644\"\n- \"content\": |\n    maxroulstone.duckdns.org {\n        encode gzip zstd\n        reverse_proxy actual_server:5006\n    }\n  \"owner\": \"root\"\n  \"path\": \"/tmp/Caddyfile\"\n  \"permissions\": \"0644\"\n- \"content\": \"#!/bin/bash\\n      \\nmkfs.ext4 -L data -m 0 -E lazy_itable_init=0,lazy_journal_init=0,discard\n    /dev/disk/by-id/google-persistent-disk-1\\nmkdir -p /mnt/disks/data\\nmount -t ext4\n    -o nodev,nosuid /dev/disk/by-id/google-persistent-disk-1 /mnt/disks/data\\nmkdir\n    -p /mnt/disks/data/caddy\\nmkdir -p /mnt/disks/data/caddy/data\\nmkdir -p /mnt/disks/data/caddy/config\\nmkdir\n    -p /mnt/disks/data/actual-data\\ncp /tmp/Caddyfile /mnt/disks/data/caddy/Caddyfile\\n\"\n  \"owner\": \"root\"\n  \"path\": \"/var/lib/cloud/scripts/per-instance/fs-prepare.sh\"\n  \"permissions\": \"0544\"\n\n"
            },
            "metadata_fingerprint": "K2kXcCjpfHU=",
            "metadata_startup_script": null,
            "min_cpu_platform": "",
            "name": "containerhost01",
            "network_interface": [
              {
                "access_config": [
                  {
                    "nat_ip": "35.211.194.108",
                    "network_tier": "STANDARD",
                    "public_ptr_domain_name": ""
                  }
                ],
                "alias_ip_range": [],
                "internal_ipv6_prefix_length": 0,
                "ipv6_access_config": [],
                "ipv6_access_type": "",
                "ipv6_address": "",
                "name": "nic0",
                "network": "https://www.googleapis.com/compute/v1/projects/actual-475511/global/networks/vpc-network",
                "network_attachment": "",
                "network_ip": "10.142.0.2",
                "nic_type": "",
                "queue_count": 0,
                "stack_type": "IPV4_ONLY",
                "subnetwork": "https://www.googleapis.com/compute/v1/projects/actual-475511/regions/us-east1/subnetworks/vpc-network",
                "subnetwork_project": "actual-475511"
              }
            ],
            "network_performance_config": [],
            "params": [],
            "project": "actual-475511",
            "reservation_affinity": [],
            "resource_policies": null,
            "scheduling": [
              {
                "automatic_restart": true,
                "availability_domain": 0,
                "instance_termination_action": "",
                "local_ssd_recovery_timeout": [],
                "max_run_duration": [],
                "min_node_cpus": 0,
                "node_affinities": [],
                "on_host_maintenance": "MIGRATE",
                "on_instance_stop_action": [],
                "preemptible": false,
                "provisioning_model": "STANDARD",
                "termination_time": ""
              }
            ],
            "scratch_disk": [],
            "self_link": "https://www.googleapis.com/compute/v1/projects/actual-475511/zones/us-east1-b/instances/containerhost01",
            "service_account": [
              {
                "email": "container-host-sa@actual-475511.iam.gserviceaccount.com",
                "scopes": [
                  "https://www.googleapis.com/auth/cloud-platform"
                ]
              }
            ],
            "shielded_instance_config": [
              {
                "enable_integrity_monitoring": true,
                "enable_secure_boot": false,
                "enable_vtpm": true
              }
            ],
            "tags": [
              "allow-ssh-proxy",
              "http-server",
              "https-server"
            ],
            "tags_fingerprint": "MYcmVlpmDrU=",
            "terraform_labels": {
              "goog-terraform-provisioned": "true"
            },
            "timeouts": null,
            "zone": "us-east1-b"
          },
          "sensitive_attributes": [],
          "private": "eyJlMmJmYjczMC1lY2FhLTExZTYtOGY4OC0zNDM2M2JjN2M0YzAiOnsiY3JlYXRlIjoxMjAwMDAwMDAwMDAwLCJkZWxldGUiOjEyMDAwMDAwMDAwMDAsInVwZGF0ZSI6MTIwMDAwMDAwMDAwMH0sInNjaGVtYV92ZXJzaW9uIjoiNiJ9",
          "dependencies": [
            "data.google_compute_image.container_optimized",
            "google_compute_disk.container_host_boot_disk",
            "google_compute_disk.container_host_data_disk",
            "google_compute_network.vpc_network",
            "google_service_account.container_host"
          ]
        }
      ]
    },
    {
      "mode": "managed",
      "type": "google_compute_network",
      "name": "vpc_network",
      "provider": "provider[\"registry.terraform.io/hashicorp/google\"]",
      "instances": [
        {
          "schema_version": 0,
          "attributes": {
            "auto_create_subnetworks": true,
            "bgp_always_compare_med": false,
            "bgp_best_path_selection_mode": "LEGACY",
            "bgp_inter_region_cost": "",
            "delete_default_routes_on_create": false,
            "description": "",
            "enable_ula_internal_ipv6": false,
            "gateway_ipv4": "",
            "id": "projects/actual-475511/global/networks/vpc-network",
            "internal_ipv6_range": "",
            "mtu": 0,
            "name": "vpc-network",
            "network_firewall_policy_enforcement_order": "AFTER_CLASSIC_FIREWALL",
            "network_id": "5179418030150396852",
            "network_profile": "",
            "numeric_id": "5179418030150396852",
            "params": [],
            "project": "actual-475511",
            "routing_mode": "REGIONAL",
            "self_link": "https://www.googleapis.com/compute/v1/projects/actual-475511/global/networks/vpc-network",
            "timeouts": null
          },
          "sensitive_attributes": [],
          "private": "eyJlMmJmYjczMC1lY2FhLTExZTYtOGY4OC0zNDM2M2JjN2M0YzAiOnsiY3JlYXRlIjoxMjAwMDAwMDAwMDAwLCJkZWxldGUiOjEyMDAwMDAwMDAwMDAsInVwZGF0ZSI6MTIwMDAwMDAwMDAwMH19"
        }
      ]
    },
    {
      "mode": "managed",
      "type": "google_project_service",
      "name": "project",
      "provider": "provider[\"registry.terraform.io/hashicorp/google\"]",
      "instances": [
        {
          "index_key": "cloudbilling.googleapis.com",
          "schema_version": 0,
          "attributes": {
            "disable_dependent_services": null,
            "disable_on_destroy": false,
            "id": "actual-475511/cloudbilling.googleapis.com",
            "project": "actual-475511",
            "service": "cloudbilling.googleapis.com",
            "timeouts": {
              "create": "30m",
              "delete": null,
              "read": null,
              "update": "40m"
            }
          },
          "sensitive_attributes": [],
          "private": "eyJlMmJmYjczMC1lY2FhLTExZTYtOGY4OC0zNDM2M2JjN2M0YzAiOnsiY3JlYXRlIjoxODAwMDAwMDAwMDAwLCJkZWxldGUiOjEyMDAwMDAwMDAwMDAsInJlYWQiOjYwMDAwMDAwMDAwMCwidXBkYXRlIjoyNDAwMDAwMDAwMDAwfX0=",
          "dependencies": [
            "data.google_project.project"
          ]
        },
        {
          "index_key": "cloudresourcemanager.googleapis.com",
          "schema_version": 0,
          "attributes": {
            "disable_dependent_services": null,
            "disable_on_destroy": false,
            "id": "actual-475511/cloudresourcemanager.googleapis.com",
            "project": "actual-475511",
            "service": "cloudresourcemanager.googleapis.com",
            "timeouts": {
              "create": "30m",
              "delete": null,
              "read": null,
              "update": "40m"
            }
          },
          "sensitive_attributes": [],
          "private": "eyJlMmJmYjczMC1lY2FhLTExZTYtOGY4OC0zNDM2M2JjN2M0YzAiOnsiY3JlYXRlIjoxODAwMDAwMDAwMDAwLCJkZWxldGUiOjEyMDAwMDAwMDAwMDAsInJlYWQiOjYwMDAwMDAwMDAwMCwidXBkYXRlIjoyNDAwMDAwMDAwMDAwfX0=",
          "dependencies": [
            "data.google_project.project"
          ]
        },
        {
          "index_key": "compute.googleapis.com",
          "schema_version": 0,
          "attributes": {
            "disable_dependent_services": null,
            "disable_on_destroy": false,
            "id": "actual-475511/compute.googleapis.com",
            "project": "actual-475511",
            "service": "compute.googleapis.com",
            "timeouts": {
              "create": "30m",
              "delete": null,
              "read": null,
              "update": "40m"
            }
          },
          "sensitive_attributes": [],
          "private": "eyJlMmJmYjczMC1lY2FhLTExZTYtOGY4OC0zNDM2M2JjN2M0YzAiOnsiY3JlYXRlIjoxODAwMDAwMDAwMDAwLCJkZWxldGUiOjEyMDAwMDAwMDAwMDAsInJlYWQiOjYwMDAwMDAwMDAwMCwidXBkYXRlIjoyNDAwMDAwMDAwMDAwfX0=",
          "dependencies": [
            "data.google_project.project"
          ]
        },
        {
          "index_key": "iam.googleapis.com",
          "schema_version": 0,
          "attributes": {
            "disable_dependent_services": null,
            "disable_on_destroy": false,
            "id": "actual-475511/iam.googleapis.com",
            "project": "actual-475511",
            "service": "iam.googleapis.com",
            "timeouts": {
              "create": "30m",
              "delete": null,
              "read": null,
              "update": "40m"
            }
          },
          "sensitive_attributes": [],
          "private": "eyJlMmJmYjczMC1lY2FhLTExZTYtOGY4OC0zNDM2M2JjN2M0YzAiOnsiY3JlYXRlIjoxODAwMDAwMDAwMDAwLCJkZWxldGUiOjEyMDAwMDAwMDAwMDAsInJlYWQiOjYwMDAwMDAwMDAwMCwidXBkYXRlIjoyNDAwMDAwMDAwMDAwfX0=",
          "dependencies": [
            "data.google_project.project"
          ]
        },
        {
          "index_key": "networkmanagement.googleapis.com",
          "schema_version": 0,
          "attributes": {
            "disable_dependent_services": null,
            "disable_on_destroy": false,
            "id": "actual-475511/networkmanagement.googleapis.com",
            "project": "actual-475511",
            "service": "networkmanagement.googleapis.com",
            "timeouts": {
              "create": "30m",
              "delete": null,
              "read": null,
              "update": "40m"
            }
          },
          "sensitive_attributes": [],
          "private": "eyJlMmJmYjczMC1lY2FhLTExZTYtOGY4OC0zNDM2M2JjN2M0YzAiOnsiY3JlYXRlIjoxODAwMDAwMDAwMDAwLCJkZWxldGUiOjEyMDAwMDAwMDAwMDAsInJlYWQiOjYwMDAwMDAwMDAwMCwidXBkYXRlIjoyNDAwMDAwMDAwMDAwfX0=",
          "dependencies": [
            "data.google_project.project"
          ]
        }
      ]
    },
    {
      "mode": "managed",
      "type": "google_service_account",
      "name": "container_host",
      "provider": "provider[\"registry.terraform.io/hashicorp/google\"]",
      "instances": [
        {
          "schema_version": 0,
          "attributes": {
            "account_id": "container-host-sa",
            "create_ignore_already_exists": null,
            "description": "",
            "disabled": false,
            "display_name": "Custom SA for Container Host VM Instance",
            "email": "container-host-sa@actual-475511.iam.gserviceaccount.com",
            "id": "projects/actual-475511/serviceAccounts/container-host-sa@actual-475511.iam.gserviceaccount.com",
            "member": "serviceAccount:container-host-sa@actual-475511.iam.gserviceaccount.com",
            "name": "projects/actual-475511/serviceAccounts/container-host-sa@actual-475511.iam.gserviceaccount.com",
            "project": "actual-475511",
            "timeouts": null,
            "unique_id": "114687915897728175406"
          },
          "sensitive_attributes": [],
          "private": "eyJlMmJmYjczMC1lY2FhLTExZTYtOGY4OC0zNDM2M2JjN2M0YzAiOnsiY3JlYXRlIjozMDAwMDAwMDAwMDB9fQ=="
        }
      ]
    }
  ],
  "check_results": null
}
